
Microsoft Visual Studio Solution File, Format Version 12.00
# Visual Studio 15
VisualStudioVersion = 15.0.28010.2048
MinimumVisualStudioVersion = 10.0.40219.1
Project("{FAE04EC0-301F-11D3-BF4B-00C04F79EFBC}") = "Meteosat", "Meteosat\Meteosat.csproj", "{89D55EA6-E6B1-46F7-96AD-2B8F78560C15}"
EndProject
Global
	GlobalSection(SolutionConfigurationPlatforms) = preSolution
		Debug|Any CPU = Debug|Any CPU
		Release|Any CPU = Release|Any CPU
	EndGlobalSection
	GlobalSection(ProjectConfigurationPlatforms) = postSolution
		{89D55EA6-E6B1-46F7-96AD-2B8F78560C15}.Debug|Any CPU.ActiveCfg = Debug|Any CPU
		{89D55EA6-E6B1-46F7-96AD-2B8F78560C15}.Debug|Any CPU.Build.0 = Debug|Any CPU
		{89D55EA6-E6B1-46F7-96AD-2B8F78560C15}.Release|Any CPU.ActiveCfg = Release|Any CPU
		{89D55EA6-E6B1-46F7-96AD-2B8F78560C15}.Release|Any CPU.Build.0 = Release|Any CPU
	EndGlobalSection
	GlobalSection(SolutionProperties) = preSolution
		HideSolutionNode = FALSE
	EndGlobalSection
	GlobalSection(ExtensibilityGlobals) = postSolution
		SolutionGuid = {2E0B7C59-9B4E-4502-9B95-D95DCAAE2AA8}
	EndGlobalSection
EndGlobal
